// !$*UTF8*$!
{
	archiveVersion = 1;
	classes = {
	};
	objectVersion = 50;
	objects = {

/* Begin PBXBuildFile section */
		C727AC6F23A295DA0039C50E /* AddTodoViewController.swift in Sources */ = {isa = PBXBuildFile; fileRef = C727AC6E23A295DA0039C50E /* AddTodoViewController.swift */; };
		C72F64A123A7824E005859A5 /* CustomCell.swift in Sources */ = {isa = PBXBuildFile; fileRef = C72F64A023A7824E005859A5 /* CustomCell.swift */; };
		C74A6FAB239A5FA300A8311E /* TodoDetailsViewController.swift in Sources */ = {isa = PBXBuildFile; fileRef = C74A6FAA239A5FA300A8311E /* TodoDetailsViewController.swift */; };
		C76CD4D123AF73F900CE6F8C /* LoginViewController.swift in Sources */ = {isa = PBXBuildFile; fileRef = C76CD4D023AF73F900CE6F8C /* LoginViewController.swift */; };
		C76CD4D323AF740F00CE6F8C /* SignInViewController.swift in Sources */ = {isa = PBXBuildFile; fileRef = C76CD4D223AF740F00CE6F8C /* SignInViewController.swift */; };
		C76CD4D523AF742000CE6F8C /* SignUpViewController.swift in Sources */ = {isa = PBXBuildFile; fileRef = C76CD4D423AF742000CE6F8C /* SignUpViewController.swift */; };
		C76CD4D723AFEABE00CE6F8C /* UserService.swift in Sources */ = {isa = PBXBuildFile; fileRef = C76CD4D623AFEABE00CE6F8C /* UserService.swift */; };
		C76CD4D923B0126B00CE6F8C /* User.swift in Sources */ = {isa = PBXBuildFile; fileRef = C76CD4D823B0126B00CE6F8C /* User.swift */; };
		C796401723D021A2001E723B /* FoldersViewController.swift in Sources */ = {isa = PBXBuildFile; fileRef = C796401623D021A2001E723B /* FoldersViewController.swift */; };
		C796401B23D0299F001E723B /* FoldersCell.swift in Sources */ = {isa = PBXBuildFile; fileRef = C796401A23D0299F001E723B /* FoldersCell.swift */; };
		C796401D23D03078001E723B /* AddFoldersViewController.swift in Sources */ = {isa = PBXBuildFile; fileRef = C796401C23D03078001E723B /* AddFoldersViewController.swift */; };
		C796401F23D036E7001E723B /* Folder.swift in Sources */ = {isa = PBXBuildFile; fileRef = C796401E23D036E7001E723B /* Folder.swift */; };
		C796402123D088DA001E723B /* FolderService.swift in Sources */ = {isa = PBXBuildFile; fileRef = C796402023D088DA001E723B /* FolderService.swift */; };
		C796402323D08D30001E723B /* FolderRepository.swift in Sources */ = {isa = PBXBuildFile; fileRef = C796402223D08D30001E723B /* FolderRepository.swift */; };
		C796534F23ACCF6600288168 /* Todo.swift in Sources */ = {isa = PBXBuildFile; fileRef = C796534E23ACCF6600288168 /* Todo.swift */; };
		C7C16C9723C526D8004C6F74 /* TodoRepository.swift in Sources */ = {isa = PBXBuildFile; fileRef = C7C16C9623C526D8004C6F74 /* TodoRepository.swift */; };
		C7CFC1FC23946BB6002FB0EB /* AppDelegate.swift in Sources */ = {isa = PBXBuildFile; fileRef = C7CFC1FB23946BB6002FB0EB /* AppDelegate.swift */; };
		C7CFC1FE23946BB6002FB0EB /* SceneDelegate.swift in Sources */ = {isa = PBXBuildFile; fileRef = C7CFC1FD23946BB6002FB0EB /* SceneDelegate.swift */; };
		C7CFC20323946BB6002FB0EB /* Main.storyboard in Resources */ = {isa = PBXBuildFile; fileRef = C7CFC20123946BB6002FB0EB /* Main.storyboard */; };
		C7CFC20523946BB7002FB0EB /* Assets.xcassets in Resources */ = {isa = PBXBuildFile; fileRef = C7CFC20423946BB7002FB0EB /* Assets.xcassets */; };
		C7CFC20823946BB7002FB0EB /* LaunchScreen.storyboard in Resources */ = {isa = PBXBuildFile; fileRef = C7CFC20623946BB7002FB0EB /* LaunchScreen.storyboard */; };
		C7CFC21023946DF9002FB0EB /* TodoListViewController.swift in Sources */ = {isa = PBXBuildFile; fileRef = C7CFC20F23946DF9002FB0EB /* TodoListViewController.swift */; };
		C7CFC21223946EA0002FB0EB /* TodoService.swift in Sources */ = {isa = PBXBuildFile; fileRef = C7CFC21123946EA0002FB0EB /* TodoService.swift */; };
/* End PBXBuildFile section */

/* Begin PBXFileReference section */
		C727AC6E23A295DA0039C50E /* AddTodoViewController.swift */ = {isa = PBXFileReference; lastKnownFileType = sourcecode.swift; path = AddTodoViewController.swift; sourceTree = "<group>"; };
		C72F64A023A7824E005859A5 /* CustomCell.swift */ = {isa = PBXFileReference; lastKnownFileType = sourcecode.swift; path = CustomCell.swift; sourceTree = "<group>"; };
		C74A6FAA239A5FA300A8311E /* TodoDetailsViewController.swift */ = {isa = PBXFileReference; lastKnownFileType = sourcecode.swift; path = TodoDetailsViewController.swift; sourceTree = "<group>"; };
		C76CD4D023AF73F900CE6F8C /* LoginViewController.swift */ = {isa = PBXFileReference; lastKnownFileType = sourcecode.swift; path = LoginViewController.swift; sourceTree = "<group>"; };
		C76CD4D223AF740F00CE6F8C /* SignInViewController.swift */ = {isa = PBXFileReference; lastKnownFileType = sourcecode.swift; path = SignInViewController.swift; sourceTree = "<group>"; };
		C76CD4D423AF742000CE6F8C /* SignUpViewController.swift */ = {isa = PBXFileReference; lastKnownFileType = sourcecode.swift; path = SignUpViewController.swift; sourceTree = "<group>"; };
		C76CD4D623AFEABE00CE6F8C /* UserService.swift */ = {isa = PBXFileReference; lastKnownFileType = sourcecode.swift; path = UserService.swift; sourceTree = "<group>"; };
		C76CD4D823B0126B00CE6F8C /* User.swift */ = {isa = PBXFileReference; lastKnownFileType = sourcecode.swift; path = User.swift; sourceTree = "<group>"; };
		C796401623D021A2001E723B /* FoldersViewController.swift */ = {isa = PBXFileReference; lastKnownFileType = sourcecode.swift; path = FoldersViewController.swift; sourceTree = "<group>"; };
		C796401A23D0299F001E723B /* FoldersCell.swift */ = {isa = PBXFileReference; lastKnownFileType = sourcecode.swift; path = FoldersCell.swift; sourceTree = "<group>"; };
		C796401C23D03078001E723B /* AddFoldersViewController.swift */ = {isa = PBXFileReference; lastKnownFileType = sourcecode.swift; path = AddFoldersViewController.swift; sourceTree = "<group>"; };
		C796401E23D036E7001E723B /* Folder.swift */ = {isa = PBXFileReference; lastKnownFileType = sourcecode.swift; path = Folder.swift; sourceTree = "<group>"; };
		C796402023D088DA001E723B /* FolderService.swift */ = {isa = PBXFileReference; lastKnownFileType = sourcecode.swift; path = FolderService.swift; sourceTree = "<group>"; };
		C796402223D08D30001E723B /* FolderRepository.swift */ = {isa = PBXFileReference; lastKnownFileType = sourcecode.swift; path = FolderRepository.swift; sourceTree = "<group>"; };
		C796534E23ACCF6600288168 /* Todo.swift */ = {isa = PBXFileReference; lastKnownFileType = sourcecode.swift; path = Todo.swift; sourceTree = "<group>"; };
		C7C16C9623C526D8004C6F74 /* TodoRepository.swift */ = {isa = PBXFileReference; lastKnownFileType = sourcecode.swift; path = TodoRepository.swift; sourceTree = "<group>"; };
		C7CFC1F823946BB6002FB0EB /* ToDo.app */ = {isa = PBXFileReference; explicitFileType = wrapper.application; includeInIndex = 0; path = ToDo.app; sourceTree = BUILT_PRODUCTS_DIR; };
		C7CFC1FB23946BB6002FB0EB /* AppDelegate.swift */ = {isa = PBXFileReference; lastKnownFileType = sourcecode.swift; path = AppDelegate.swift; sourceTree = "<group>"; };
		C7CFC1FD23946BB6002FB0EB /* SceneDelegate.swift */ = {isa = PBXFileReference; lastKnownFileType = sourcecode.swift; path = SceneDelegate.swift; sourceTree = "<group>"; };
		C7CFC20223946BB6002FB0EB /* Base */ = {isa = PBXFileReference; lastKnownFileType = file.storyboard; name = Base; path = Base.lproj/Main.storyboard; sourceTree = "<group>"; };
		C7CFC20423946BB7002FB0EB /* Assets.xcassets */ = {isa = PBXFileReference; lastKnownFileType = folder.assetcatalog; path = Assets.xcassets; sourceTree = "<group>"; };
		C7CFC20723946BB7002FB0EB /* Base */ = {isa = PBXFileReference; lastKnownFileType = file.storyboard; name = Base; path = Base.lproj/LaunchScreen.storyboard; sourceTree = "<group>"; };
		C7CFC20923946BB7002FB0EB /* Info.plist */ = {isa = PBXFileReference; lastKnownFileType = text.plist.xml; path = Info.plist; sourceTree = "<group>"; };
		C7CFC20F23946DF9002FB0EB /* TodoListViewController.swift */ = {isa = PBXFileReference; lastKnownFileType = sourcecode.swift; path = TodoListViewController.swift; sourceTree = "<group>"; };
		C7CFC21123946EA0002FB0EB /* TodoService.swift */ = {isa = PBXFileReference; lastKnownFileType = sourcecode.swift; path = TodoService.swift; sourceTree = "<group>"; };
/* End PBXFileReference section */

/* Begin PBXFrameworksBuildPhase section */
		C7CFC1F523946BB6002FB0EB /* Frameworks */ = {
			isa = PBXFrameworksBuildPhase;
			buildActionMask = 2147483647;
			files = (
			);
			runOnlyForDeploymentPostprocessing = 0;
		};
/* End PBXFrameworksBuildPhase section */

/* Begin PBXGroup section */
		C796534823ABC02600288168 /* App */ = {
			isa = PBXGroup;
			children = (
				C7CFC1FB23946BB6002FB0EB /* AppDelegate.swift */,
				C7CFC1FD23946BB6002FB0EB /* SceneDelegate.swift */,
			);
			path = App;
			sourceTree = "<group>";
		};
		C796534923ABC03300288168 /* Resources */ = {
			isa = PBXGroup;
			children = (
				C7CFC20923946BB7002FB0EB /* Info.plist */,
				C7CFC20623946BB7002FB0EB /* LaunchScreen.storyboard */,
				C7CFC20423946BB7002FB0EB /* Assets.xcassets */,
			);
			path = Resources;
			sourceTree = "<group>";
		};
		C796534A23ABC04B00288168 /* BusinessLogic */ = {
			isa = PBXGroup;
			children = (
				C796534B23ABC07600288168 /* Entities */,
				C796534C23ABC09E00288168 /* Services */,
				C796534D23ABC0AB00288168 /* Gateways */,
			);
			path = BusinessLogic;
			sourceTree = "<group>";
		};
		C796534B23ABC07600288168 /* Entities */ = {
			isa = PBXGroup;
			children = (
				C796401E23D036E7001E723B /* Folder.swift */,
				C796534E23ACCF6600288168 /* Todo.swift */,
				C76CD4D823B0126B00CE6F8C /* User.swift */,
			);
			path = Entities;
			sourceTree = "<group>";
		};
		C796534C23ABC09E00288168 /* Services */ = {
			isa = PBXGroup;
			children = (
				C796402023D088DA001E723B /* FolderService.swift */,
				C7CFC21123946EA0002FB0EB /* TodoService.swift */,
				C76CD4D623AFEABE00CE6F8C /* UserService.swift */,
			);
			path = Services;
			sourceTree = "<group>";
		};
		C796534D23ABC0AB00288168 /* Gateways */ = {
			isa = PBXGroup;
			children = (
				C796402223D08D30001E723B /* FolderRepository.swift */,
				C7C16C9623C526D8004C6F74 /* TodoRepository.swift */,
			);
			path = Gateways;
			sourceTree = "<group>";
		};
		C7CFC1EF23946BB6002FB0EB = {
			isa = PBXGroup;
			children = (
				C7CFC1FA23946BB6002FB0EB /* ToDo */,
				C7CFC1F923946BB6002FB0EB /* Products */,
			);
			sourceTree = "<group>";
		};
		C7CFC1F923946BB6002FB0EB /* Products */ = {
			isa = PBXGroup;
			children = (
				C7CFC1F823946BB6002FB0EB /* ToDo.app */,
			);
			name = Products;
			sourceTree = "<group>";
		};
		C7CFC1FA23946BB6002FB0EB /* ToDo */ = {
			isa = PBXGroup;
			children = (
				C796534823ABC02600288168 /* App */,
				C796534923ABC03300288168 /* Resources */,
				C796534A23ABC04B00288168 /* BusinessLogic */,
				C7CFC20123946BB6002FB0EB /* Main.storyboard */,
				C76CD4D023AF73F900CE6F8C /* LoginViewController.swift */,
				C76CD4D223AF740F00CE6F8C /* SignInViewController.swift */,
				C76CD4D423AF742000CE6F8C /* SignUpViewController.swift */,
				C796401C23D03078001E723B /* AddFoldersViewController.swift */,
				C796401623D021A2001E723B /* FoldersViewController.swift */,
				C7CFC20F23946DF9002FB0EB /* TodoListViewController.swift */,
				C74A6FAA239A5FA300A8311E /* TodoDetailsViewController.swift */,
				C727AC6E23A295DA0039C50E /* AddTodoViewController.swift */,
				C796401A23D0299F001E723B /* FoldersCell.swift */,
				C72F64A023A7824E005859A5 /* CustomCell.swift */,
			);
			path = ToDo;
			sourceTree = "<group>";
		};
/* End PBXGroup section */

/* Begin PBXNativeTarget section */
		C7CFC1F723946BB6002FB0EB /* ToDo */ = {
			isa = PBXNativeTarget;
			buildConfigurationList = C7CFC20C23946BB7002FB0EB /* Build configuration list for PBXNativeTarget "ToDo" */;
			buildPhases = (
				C7A42BEA239E50F00066D585 /* Lint Code */,
				C7CFC1F423946BB6002FB0EB /* Sources */,
				C7CFC1F523946BB6002FB0EB /* Frameworks */,
				C7CFC1F623946BB6002FB0EB /* Resources */,
			);
			buildRules = (
			);
			dependencies = (
			);
			name = ToDo;
			productName = ToDo;
			productReference = C7CFC1F823946BB6002FB0EB /* ToDo.app */;
			productType = "com.apple.product-type.application";
		};
/* End PBXNativeTarget section */

/* Begin PBXProject section */
		C7CFC1F023946BB6002FB0EB /* Project object */ = {
			isa = PBXProject;
			attributes = {
				LastSwiftUpdateCheck = 1120;
				LastUpgradeCheck = 1120;
				ORGANIZATIONNAME = "Ilya Matveev";
				TargetAttributes = {
					C7CFC1F723946BB6002FB0EB = {
						CreatedOnToolsVersion = 11.2.1;
					};
				};
			};
			buildConfigurationList = C7CFC1F323946BB6002FB0EB /* Build configuration list for PBXProject "ToDo" */;
			compatibilityVersion = "Xcode 9.3";
			developmentRegion = en;
			hasScannedForEncodings = 0;
			knownRegions = (
				en,
				Base,
			);
			mainGroup = C7CFC1EF23946BB6002FB0EB;
			productRefGroup = C7CFC1F923946BB6002FB0EB /* Products */;
			projectDirPath = "";
			projectRoot = "";
			targets = (
				C7CFC1F723946BB6002FB0EB /* ToDo */,
			);
		};
/* End PBXProject section */

/* Begin PBXResourcesBuildPhase section */
		C7CFC1F623946BB6002FB0EB /* Resources */ = {
			isa = PBXResourcesBuildPhase;
			buildActionMask = 2147483647;
			files = (
				C7CFC20823946BB7002FB0EB /* LaunchScreen.storyboard in Resources */,
				C7CFC20523946BB7002FB0EB /* Assets.xcassets in Resources */,
				C7CFC20323946BB6002FB0EB /* Main.storyboard in Resources */,
			);
			runOnlyForDeploymentPostprocessing = 0;
		};
/* End PBXResourcesBuildPhase section */

/* Begin PBXShellScriptBuildPhase section */
		C7A42BEA239E50F00066D585 /* Lint Code */ = {
			isa = PBXShellScriptBuildPhase;
			buildActionMask = 2147483647;
			files = (
			);
			inputFileListPaths = (
			);
			inputPaths = (
			);
			name = "Lint Code";
			outputFileListPaths = (
			);
			outputPaths = (
			);
			runOnlyForDeploymentPostprocessing = 0;
			shellPath = /bin/sh;
			shellScript = "if which swiftlint >/dev/null; then\n  swiftlint\nelse\n  echo \"error: SwiftLint does not exist, download it from https://github.com/realm/SwiftLint\"\n  exit 1\nfi\n";
		};
/* End PBXShellScriptBuildPhase section */

/* Begin PBXSourcesBuildPhase section */
		C7CFC1F423946BB6002FB0EB /* Sources */ = {
			isa = PBXSourcesBuildPhase;
			buildActionMask = 2147483647;
			files = (
				C76CD4D923B0126B00CE6F8C /* User.swift in Sources */,
				C76CD4D523AF742000CE6F8C /* SignUpViewController.swift in Sources */,
				C74A6FAB239A5FA300A8311E /* TodoDetailsViewController.swift in Sources */,
				C7CFC1FC23946BB6002FB0EB /* AppDelegate.swift in Sources */,
				C727AC6F23A295DA0039C50E /* AddTodoViewController.swift in Sources */,
				C796402323D08D30001E723B /* FolderRepository.swift in Sources */,
				C796534F23ACCF6600288168 /* Todo.swift in Sources */,
				C7CFC21023946DF9002FB0EB /* TodoListViewController.swift in Sources */,
				C7CFC1FE23946BB6002FB0EB /* SceneDelegate.swift in Sources */,
				C7C16C9723C526D8004C6F74 /* TodoRepository.swift in Sources */,
				C72F64A123A7824E005859A5 /* CustomCell.swift in Sources */,
				C76CD4D723AFEABE00CE6F8C /* UserService.swift in Sources */,
				C796401B23D0299F001E723B /* FoldersCell.swift in Sources */,
				C796401723D021A2001E723B /* FoldersViewController.swift in Sources */,
				C76CD4D123AF73F900CE6F8C /* LoginViewController.swift in Sources */,
				C796401D23D03078001E723B /* AddFoldersViewController.swift in Sources */,
				C76CD4D323AF740F00CE6F8C /* SignInViewController.swift in Sources */,
				C7CFC21223946EA0002FB0EB /* TodoService.swift in Sources */,
				C796402123D088DA001E723B /* FolderService.swift in Sources */,
				C796401F23D036E7001E723B /* Folder.swift in Sources */,
			);
			runOnlyForDeploymentPostprocessing = 0;
		};
/* End PBXSourcesBuildPhase section */

/* Begin PBXVariantGroup section */
		C7CFC20123946BB6002FB0EB /* Main.storyboard */ = {
			isa = PBXVariantGroup;
			children = (
				C7CFC20223946BB6002FB0EB /* Base */,
			);
			name = Main.storyboard;
			sourceTree = "<group>";
		};
		C7CFC20623946BB7002FB0EB /* LaunchScreen.storyboard */ = {
			isa = PBXVariantGroup;
			children = (
				C7CFC20723946BB7002FB0EB /* Base */,
			);
			name = LaunchScreen.storyboard;
			sourceTree = "<group>";
		};
/* End PBXVariantGroup section */

/* Begin XCBuildConfiguration section */
		C7CFC20A23946BB7002FB0EB /* Debug */ = {
			isa = XCBuildConfiguration;
			buildSettings = {
				ALWAYS_SEARCH_USER_PATHS = NO;
				CLANG_ANALYZER_NONNULL = YES;
				CLANG_ANALYZER_NUMBER_OBJECT_CONVERSION = YES_AGGRESSIVE;
				CLANG_CXX_LANGUAGE_STANDARD = "gnu++14";
				CLANG_CXX_LIBRARY = "libc++";
				CLANG_ENABLE_MODULES = YES;
				CLANG_ENABLE_OBJC_ARC = YES;
				CLANG_ENABLE_OBJC_WEAK = YES;
				CLANG_WARN_BLOCK_CAPTURE_AUTORELEASING = YES;
				CLANG_WARN_BOOL_CONVERSION = YES;
				CLANG_WARN_COMMA = YES;
				CLANG_WARN_CONSTANT_CONVERSION = YES;
				CLANG_WARN_DEPRECATED_OBJC_IMPLEMENTATIONS = YES;
				CLANG_WARN_DIRECT_OBJC_ISA_USAGE = YES_ERROR;
				CLANG_WARN_DOCUMENTATION_COMMENTS = YES;
				CLANG_WARN_EMPTY_BODY = YES;
				CLANG_WARN_ENUM_CONVERSION = YES;
				CLANG_WARN_INFINITE_RECURSION = YES;
				CLANG_WARN_INT_CONVERSION = YES;
				CLANG_WARN_NON_LITERAL_NULL_CONVERSION = YES;
				CLANG_WARN_OBJC_IMPLICIT_RETAIN_SELF = YES;
				CLANG_WARN_OBJC_LITERAL_CONVERSION = YES;
				CLANG_WARN_OBJC_ROOT_CLASS = YES_ERROR;
				CLANG_WARN_RANGE_LOOP_ANALYSIS = YES;
				CLANG_WARN_STRICT_PROTOTYPES = YES;
				CLANG_WARN_SUSPICIOUS_MOVE = YES;
				CLANG_WARN_UNGUARDED_AVAILABILITY = YES_AGGRESSIVE;
				CLANG_WARN_UNREACHABLE_CODE = YES;
				CLANG_WARN__DUPLICATE_METHOD_MATCH = YES;
				COPY_PHASE_STRIP = NO;
				DEBUG_INFORMATION_FORMAT = dwarf;
				ENABLE_STRICT_OBJC_MSGSEND = YES;
				ENABLE_TESTABILITY = YES;
				GCC_C_LANGUAGE_STANDARD = gnu11;
				GCC_DYNAMIC_NO_PIC = NO;
				GCC_NO_COMMON_BLOCKS = YES;
				GCC_OPTIMIZATION_LEVEL = 0;
				GCC_PREPROCESSOR_DEFINITIONS = (
					"DEBUG=1",
					"$(inherited)",
				);
				GCC_WARN_64_TO_32_BIT_CONVERSION = YES;
				GCC_WARN_ABOUT_RETURN_TYPE = YES_ERROR;
				GCC_WARN_UNDECLARED_SELECTOR = YES;
				GCC_WARN_UNINITIALIZED_AUTOS = YES_AGGRESSIVE;
				GCC_WARN_UNUSED_FUNCTION = YES;
				GCC_WARN_UNUSED_VARIABLE = YES;
				IPHONEOS_DEPLOYMENT_TARGET = 13.2;
				MTL_ENABLE_DEBUG_INFO = INCLUDE_SOURCE;
				MTL_FAST_MATH = YES;
				ONLY_ACTIVE_ARCH = YES;
				SDKROOT = iphoneos;
				SWIFT_ACTIVE_COMPILATION_CONDITIONS = DEBUG;
				SWIFT_OPTIMIZATION_LEVEL = "-Onone";
			};
			name = Debug;
		};
		C7CFC20B23946BB7002FB0EB /* Release */ = {
			isa = XCBuildConfiguration;
			buildSettings = {
				ALWAYS_SEARCH_USER_PATHS = NO;
				CLANG_ANALYZER_NONNULL = YES;
				CLANG_ANALYZER_NUMBER_OBJECT_CONVERSION = YES_AGGRESSIVE;
				CLANG_CXX_LANGUAGE_STANDARD = "gnu++14";
				CLANG_CXX_LIBRARY = "libc++";
				CLANG_ENABLE_MODULES = YES;
				CLANG_ENABLE_OBJC_ARC = YES;
				CLANG_ENABLE_OBJC_WEAK = YES;
				CLANG_WARN_BLOCK_CAPTURE_AUTORELEASING = YES;
				CLANG_WARN_BOOL_CONVERSION = YES;
				CLANG_WARN_COMMA = YES;
				CLANG_WARN_CONSTANT_CONVERSION = YES;
				CLANG_WARN_DEPRECATED_OBJC_IMPLEMENTATIONS = YES;
				CLANG_WARN_DIRECT_OBJC_ISA_USAGE = YES_ERROR;
				CLANG_WARN_DOCUMENTATION_COMMENTS = YES;
				CLANG_WARN_EMPTY_BODY = YES;
				CLANG_WARN_ENUM_CONVERSION = YES;
				CLANG_WARN_INFINITE_RECURSION = YES;
				CLANG_WARN_INT_CONVERSION = YES;
				CLANG_WARN_NON_LITERAL_NULL_CONVERSION = YES;
				CLANG_WARN_OBJC_IMPLICIT_RETAIN_SELF = YES;
				CLANG_WARN_OBJC_LITERAL_CONVERSION = YES;
				CLANG_WARN_OBJC_ROOT_CLASS = YES_ERROR;
				CLANG_WARN_RANGE_LOOP_ANALYSIS = YES;
				CLANG_WARN_STRICT_PROTOTYPES = YES;
				CLANG_WARN_SUSPICIOUS_MOVE = YES;
				CLANG_WARN_UNGUARDED_AVAILABILITY = YES_AGGRESSIVE;
				CLANG_WARN_UNREACHABLE_CODE = YES;
				CLANG_WARN__DUPLICATE_METHOD_MATCH = YES;
				COPY_PHASE_STRIP = NO;
				DEBUG_INFORMATION_FORMAT = "dwarf-with-dsym";
				ENABLE_NS_ASSERTIONS = NO;
				ENABLE_STRICT_OBJC_MSGSEND = YES;
				GCC_C_LANGUAGE_STANDARD = gnu11;
				GCC_NO_COMMON_BLOCKS = YES;
				GCC_WARN_64_TO_32_BIT_CONVERSION = YES;
				GCC_WARN_ABOUT_RETURN_TYPE = YES_ERROR;
				GCC_WARN_UNDECLARED_SELECTOR = YES;
				GCC_WARN_UNINITIALIZED_AUTOS = YES_AGGRESSIVE;
				GCC_WARN_UNUSED_FUNCTION = YES;
				GCC_WARN_UNUSED_VARIABLE = YES;
				IPHONEOS_DEPLOYMENT_TARGET = 13.2;
				MTL_ENABLE_DEBUG_INFO = NO;
				MTL_FAST_MATH = YES;
				SDKROOT = iphoneos;
				SWIFT_COMPILATION_MODE = wholemodule;
				SWIFT_OPTIMIZATION_LEVEL = "-O";
				VALIDATE_PRODUCT = YES;
			};
			name = Release;
		};
		C7CFC20D23946BB7002FB0EB /* Debug */ = {
			isa = XCBuildConfiguration;
			buildSettings = {
				ASSETCATALOG_COMPILER_APPICON_NAME = AppIcon;
				CODE_SIGN_STYLE = Automatic;
				INFOPLIST_FILE = ToDo/Resources/Info.plist;
				LD_RUNPATH_SEARCH_PATHS = (
					"$(inherited)",
					"@executable_path/Frameworks",
				);
				PRODUCT_BUNDLE_IDENTIFIER = matveev.home.ToDo;
				PRODUCT_NAME = "$(TARGET_NAME)";
				SWIFT_VERSION = 5.0;
				TARGETED_DEVICE_FAMILY = "1,2";
			};
			name = Debug;
		};
		C7CFC20E23946BB7002FB0EB /* Release */ = {
			isa = XCBuildConfiguration;
			buildSettings = {
				ASSETCATALOG_COMPILER_APPICON_NAME = AppIcon;
				CODE_SIGN_STYLE = Automatic;
				INFOPLIST_FILE = ToDo/Resources/Info.plist;
				LD_RUNPATH_SEARCH_PATHS = (
					"$(inherited)",
					"@executable_path/Frameworks",
				);
				PRODUCT_BUNDLE_IDENTIFIER = matveev.home.ToDo;
				PRODUCT_NAME = "$(TARGET_NAME)";
				SWIFT_VERSION = 5.0;
				TARGETED_DEVICE_FAMILY = "1,2";
			};
			name = Release;
		};
/* End XCBuildConfiguration section */

/* Begin XCConfigurationList section */
		C7CFC1F323946BB6002FB0EB /* Build configuration list for PBXProject "ToDo" */ = {
			isa = XCConfigurationList;
			buildConfigurations = (
				C7CFC20A23946BB7002FB0EB /* Debug */,
				C7CFC20B23946BB7002FB0EB /* Release */,
			);
			defaultConfigurationIsVisible = 0;
			defaultConfigurationName = Release;
		};
		C7CFC20C23946BB7002FB0EB /* Build configuration list for PBXNativeTarget "ToDo" */ = {
			isa = XCConfigurationList;
			buildConfigurations = (
				C7CFC20D23946BB7002FB0EB /* Debug */,
				C7CFC20E23946BB7002FB0EB /* Release */,
			);
			defaultConfigurationIsVisible = 0;
			defaultConfigurationName = Release;
		};
/* End XCConfigurationList section */
	};
	rootObject = C7CFC1F023946BB6002FB0EB /* Project object */;
}
